
Microsoft Visual Studio Solution File, Format Version 12.00
# Visual Studio Version 17
VisualStudioVersion = 17.0.31903.59
MinimumVisualStudioVersion = 10.0.40219.1
Project("{2150E333-8FDC-42A3-9474-1A3956D46DE8}") = "src", "src", "{827E0CD3-B72D-47B6-A68D-7590B98EB39B}"
EndProject
Project("{FAE04EC0-301F-11D3-BF4B-00C04F79EFBC}") = "ElTejido.Api", "src\ElTejido.Api\ElTejido.Api.csproj", "{5487E57A-EBCB-4DBF-8E26-7CC6C7B30C00}"
EndProject
Project("{FAE04EC0-301F-11D3-BF4B-00C04F79EFBC}") = "ElTejido.Domain", "src\ElTejido.Domain\ElTejido.Domain.csproj", "{C137E7B5-C9A6-4226-94D4-C7F9CAEA58C0}"
EndProject
Project("{FAE04EC0-301F-11D3-BF4B-00C04F79EFBC}") = "ElTejido.Application", "src\ElTejido.Application\ElTejido.Application.csproj", "{098CD09C-6F68-450F-BC32-A5C42906FD07}"
EndProject
Project("{FAE04EC0-301F-11D3-BF4B-00C04F79EFBC}") = "ElTejido.Infrastructure", "src\ElTejido.Infrastructure\ElTejido.Infrastructure.csproj", "{372A49E6-D9FA-4941-8BA5-0E2DEAE2C9B9}"
EndProject
Project("{FAE04EC0-301F-11D3-BF4B-00C04F79EFBC}") = "ElTejido.UnitTests", "tests\ElTejido.UnitTests\ElTejido.UnitTests.csproj", "{7A2C8B78-30F1-4C58-B603-BCA42312E813}"
EndProject
Project("{FAE04EC0-301F-11D3-BF4B-00C04F79EFBC}") = "ElTejido.IntegrationTests", "tests\ElTejido.IntegrationTests\ElTejido.IntegrationTests.csproj", "{85E9BC2F-9BEF-4F66-ADDD-DE8D5347676B}"
EndProject
Global
	GlobalSection(SolutionConfigurationPlatforms) = preSolution
		Debug|Any CPU = Debug|Any CPU
		Debug|x64 = Debug|x64
		Debug|x86 = Debug|x86
		Release|Any CPU = Release|Any CPU
		Release|x64 = Release|x64
		Release|x86 = Release|x86
	EndGlobalSection
	GlobalSection(ProjectConfigurationPlatforms) = postSolution
		{5487E57A-EBCB-4DBF-8E26-7CC6C7B30C00}.Debug|Any CPU.ActiveCfg = Debug|Any CPU
		{5487E57A-EBCB-4DBF-8E26-7CC6C7B30C00}.Debug|Any CPU.Build.0 = Debug|Any CPU
		{5487E57A-EBCB-4DBF-8E26-7CC6C7B30C00}.Debug|x64.ActiveCfg = Debug|Any CPU
		{5487E57A-EBCB-4DBF-8E26-7CC6C7B30C00}.Debug|x64.Build.0 = Debug|Any CPU
		{5487E57A-EBCB-4DBF-8E26-7CC6C7B30C00}.Debug|x86.ActiveCfg = Debug|Any CPU
		{5487E57A-EBCB-4DBF-8E26-7CC6C7B30C00}.Debug|x86.Build.0 = Debug|Any CPU
		{5487E57A-EBCB-4DBF-8E26-7CC6C7B30C00}.Release|Any CPU.ActiveCfg = Release|Any CPU
		{5487E57A-EBCB-4DBF-8E26-7CC6C7B30C00}.Release|Any CPU.Build.0 = Release|Any CPU
		{5487E57A-EBCB-4DBF-8E26-7CC6C7B30C00}.Release|x64.ActiveCfg = Release|Any CPU
		{5487E57A-EBCB-4DBF-8E26-7CC6C7B30C00}.Release|x64.Build.0 = Release|Any CPU
		{5487E57A-EBCB-4DBF-8E26-7CC6C7B30C00}.Release|x86.ActiveCfg = Release|Any CPU
		{5487E57A-EBCB-4DBF-8E26-7CC6C7B30C00}.Release|x86.Build.0 = Release|Any CPU
		{C137E7B5-C9A6-4226-94D4-C7F9CAEA58C0}.Debug|Any CPU.ActiveCfg = Debug|Any CPU
		{C137E7B5-C9A6-4226-94D4-C7F9CAEA58C0}.Debug|Any CPU.Build.0 = Debug|Any CPU
		{C137E7B5-C9A6-4226-94D4-C7F9CAEA58C0}.Debug|x64.ActiveCfg = Debug|Any CPU
		{C137E7B5-C9A6-4226-94D4-C7F9CAEA58C0}.Debug|x64.Build.0 = Debug|Any CPU
		{C137E7B5-C9A6-4226-94D4-C7F9CAEA58C0}.Debug|x86.ActiveCfg = Debug|Any CPU
		{C137E7B5-C9A6-4226-94D4-C7F9CAEA58C0}.Debug|x86.Build.0 = Debug|Any CPU
		{C137E7B5-C9A6-4226-94D4-C7F9CAEA58C0}.Release|Any CPU.ActiveCfg = Release|Any CPU
		{C137E7B5-C9A6-4226-94D4-C7F9CAEA58C0}.Release|Any CPU.Build.0 = Release|Any CPU
		{C137E7B5-C9A6-4226-94D4-C7F9CAEA58C0}.Release|x64.ActiveCfg = Release|Any CPU
		{C137E7B5-C9A6-4226-94D4-C7F9CAEA58C0}.Release|x64.Build.0 = Release|Any CPU
		{C137E7B5-C9A6-4226-94D4-C7F9CAEA58C0}.Release|x86.ActiveCfg = Release|Any CPU
		{C137E7B5-C9A6-4226-94D4-C7F9CAEA58C0}.Release|x86.Build.0 = Release|Any CPU
		{098CD09C-6F68-450F-BC32-A5C42906FD07}.Debug|Any CPU.ActiveCfg = Debug|Any CPU
		{098CD09C-6F68-450F-BC32-A5C42906FD07}.Debug|Any CPU.Build.0 = Debug|Any CPU
		{098CD09C-6F68-450F-BC32-A5C42906FD07}.Debug|x64.ActiveCfg = Debug|Any CPU
		{098CD09C-6F68-450F-BC32-A5C42906FD07}.Debug|x64.Build.0 = Debug|Any CPU
		{098CD09C-6F68-450F-BC32-A5C42906FD07}.Debug|x86.ActiveCfg = Debug|Any CPU
		{098CD09C-6F68-450F-BC32-A5C42906FD07}.Debug|x86.Build.0 = Debug|Any CPU
		{098CD09C-6F68-450F-BC32-A5C42906FD07}.Release|Any CPU.ActiveCfg = Release|Any CPU
		{098CD09C-6F68-450F-BC32-A5C42906FD07}.Release|Any CPU.Build.0 = Release|Any CPU
		{098CD09C-6F68-450F-BC32-A5C42906FD07}.Release|x64.ActiveCfg = Release|Any CPU
		{098CD09C-6F68-450F-BC32-A5C42906FD07}.Release|x64.Build.0 = Release|Any CPU
		{098CD09C-6F68-450F-BC32-A5C42906FD07}.Release|x86.ActiveCfg = Release|Any CPU
		{098CD09C-6F68-450F-BC32-A5C42906FD07}.Release|x86.Build.0 = Release|Any CPU
		{372A49E6-D9FA-4941-8BA5-0E2DEAE2C9B9}.Debug|Any CPU.ActiveCfg = Debug|Any CPU
		{372A49E6-D9FA-4941-8BA5-0E2DEAE2C9B9}.Debug|Any CPU.Build.0 = Debug|Any CPU
		{372A49E6-D9FA-4941-8BA5-0E2DEAE2C9B9}.Debug|x64.ActiveCfg = Debug|Any CPU
		{372A49E6-D9FA-4941-8BA5-0E2DEAE2C9B9}.Debug|x64.Build.0 = Debug|Any CPU
		{372A49E6-D9FA-4941-8BA5-0E2DEAE2C9B9}.Debug|x86.ActiveCfg = Debug|Any CPU
		{372A49E6-D9FA-4941-8BA5-0E2DEAE2C9B9}.Debug|x86.Build.0 = Debug|Any CPU
		{372A49E6-D9FA-4941-8BA5-0E2DEAE2C9B9}.Release|Any CPU.ActiveCfg = Release|Any CPU
		{372A49E6-D9FA-4941-8BA5-0E2DEAE2C9B9}.Release|Any CPU.Build.0 = Release|Any CPU
		{372A49E6-D9FA-4941-8BA5-0E2DEAE2C9B9}.Release|x64.ActiveCfg = Release|Any CPU
		{372A49E6-D9FA-4941-8BA5-0E2DEAE2C9B9}.Release|x64.Build.0 = Release|Any CPU
		{372A49E6-D9FA-4941-8BA5-0E2DEAE2C9B9}.Release|x86.ActiveCfg = Release|Any CPU
		{372A49E6-D9FA-4941-8BA5-0E2DEAE2C9B9}.Release|x86.Build.0 = Release|Any CPU
		{7A2C8B78-30F1-4C58-B603-BCA42312E813}.Debug|Any CPU.ActiveCfg = Debug|Any CPU
		{7A2C8B78-30F1-4C58-B603-BCA42312E813}.Debug|Any CPU.Build.0 = Debug|Any CPU
		{7A2C8B78-30F1-4C58-B603-BCA42312E813}.Debug|x64.ActiveCfg = Debug|Any CPU
		{7A2C8B78-30F1-4C58-B603-BCA42312E813}.Debug|x64.Build.0 = Debug|Any CPU
		{7A2C8B78-30F1-4C58-B603-BCA42312E813}.Debug|x86.ActiveCfg = Debug|Any CPU
		{7A2C8B78-30F1-4C58-B603-BCA42312E813}.Debug|x86.Build.0 = Debug|Any CPU
		{7A2C8B78-30F1-4C58-B603-BCA42312E813}.Release|Any CPU.ActiveCfg = Release|Any CPU
		{7A2C8B78-30F1-4C58-B603-BCA42312E813}.Release|Any CPU.Build.0 = Release|Any CPU
		{7A2C8B78-30F1-4C58-B603-BCA42312E813}.Release|x64.ActiveCfg = Release|Any CPU
		{7A2C8B78-30F1-4C58-B603-BCA42312E813}.Release|x64.Build.0 = Release|Any CPU
		{7A2C8B78-30F1-4C58-B603-BCA42312E813}.Release|x86.ActiveCfg = Release|Any CPU
		{7A2C8B78-30F1-4C58-B603-BCA42312E813}.Release|x86.Build.0 = Release|Any CPU
		{85E9BC2F-9BEF-4F66-ADDD-DE8D5347676B}.Debug|Any CPU.ActiveCfg = Debug|Any CPU
		{85E9BC2F-9BEF-4F66-ADDD-DE8D5347676B}.Debug|Any CPU.Build.0 = Debug|Any CPU
		{85E9BC2F-9BEF-4F66-ADDD-DE8D5347676B}.Debug|x64.ActiveCfg = Debug|Any CPU
		{85E9BC2F-9BEF-4F66-ADDD-DE8D5347676B}.Debug|x64.Build.0 = Debug|Any CPU
		{85E9BC2F-9BEF-4F66-ADDD-DE8D5347676B}.Debug|x86.ActiveCfg = Debug|Any CPU
		{85E9BC2F-9BEF-4F66-ADDD-DE8D5347676B}.Debug|x86.Build.0 = Debug|Any CPU
		{85E9BC2F-9BEF-4F66-ADDD-DE8D5347676B}.Release|Any CPU.ActiveCfg = Release|Any CPU
		{85E9BC2F-9BEF-4F66-ADDD-DE8D5347676B}.Release|Any CPU.Build.0 = Release|Any CPU
		{85E9BC2F-9BEF-4F66-ADDD-DE8D5347676B}.Release|x64.ActiveCfg = Release|Any CPU
		{85E9BC2F-9BEF-4F66-ADDD-DE8D5347676B}.Release|x64.Build.0 = Release|Any CPU
		{85E9BC2F-9BEF-4F66-ADDD-DE8D5347676B}.Release|x86.ActiveCfg = Release|Any CPU
		{85E9BC2F-9BEF-4F66-ADDD-DE8D5347676B}.Release|x86.Build.0 = Release|Any CPU
	EndGlobalSection
	GlobalSection(SolutionProperties) = preSolution
		HideSolutionNode = FALSE
	EndGlobalSection
	GlobalSection(NestedProjects) = preSolution
		{5487E57A-EBCB-4DBF-8E26-7CC6C7B30C00} = {827E0CD3-B72D-47B6-A68D-7590B98EB39B}
		{C137E7B5-C9A6-4226-94D4-C7F9CAEA58C0} = {827E0CD3-B72D-47B6-A68D-7590B98EB39B}
		{098CD09C-6F68-450F-BC32-A5C42906FD07} = {827E0CD3-B72D-47B6-A68D-7590B98EB39B}
		{372A49E6-D9FA-4941-8BA5-0E2DEAE2C9B9} = {827E0CD3-B72D-47B6-A68D-7590B98EB39B}
		{7A2C8B78-30F1-4C58-B603-BCA42312E813} = {827E0CD3-B72D-47B6-A68D-7590B98EB39B}
		{85E9BC2F-9BEF-4F66-ADDD-DE8D5347676B} = {827E0CD3-B72D-47B6-A68D-7590B98EB39B}
	EndGlobalSection
EndGlobal
